// !$*UTF8*$!
{
	archiveVersion = 1;
	classes = {
	};
	objectVersion = 56;
	objects = {

/* Begin PBXBuildFile section */
		DD50B9B32B9BC326002E4DAC /* MainViewViewModel.swift in Sources */ = {isa = PBXBuildFile; fileRef = DD50B9B22B9BC326002E4DAC /* MainViewViewModel.swift */; };
		DD50B9B52B9BC351002E4DAC /* NetworkManager.swift in Sources */ = {isa = PBXBuildFile; fileRef = DD50B9B42B9BC351002E4DAC /* NetworkManager.swift */; };
		DD50B9B72B9BC364002E4DAC /* QuizQuestion.swift in Sources */ = {isa = PBXBuildFile; fileRef = DD50B9B62B9BC364002E4DAC /* QuizQuestion.swift */; };
		DD50B9BA2B9BC45B002E4DAC /* Alamofire in Frameworks */ = {isa = PBXBuildFile; productRef = DD50B9B92B9BC45B002E4DAC /* Alamofire */; };
		DD50B9BF2B9C7500002E4DAC /* QuizAnswerCell.xib in Resources */ = {isa = PBXBuildFile; fileRef = DD50B9BE2B9C7500002E4DAC /* QuizAnswerCell.xib */; };
		DD50B9C02B9C7500002E4DAC /* QuizAnswerCell.swift in Sources */ = {isa = PBXBuildFile; fileRef = DD50B9BD2B9C7500002E4DAC /* QuizAnswerCell.swift */; };
		DD50B9D92B9C7E70002E4DAC /* QuizViewController.swift in Sources */ = {isa = PBXBuildFile; fileRef = DD50B9D82B9C7E70002E4DAC /* QuizViewController.swift */; };
		DD50B9DB2B9C7E82002E4DAC /* QuizViewModel.swift in Sources */ = {isa = PBXBuildFile; fileRef = DD50B9DA2B9C7E82002E4DAC /* QuizViewModel.swift */; };
		DD50B9DE2B9CA39F002E4DAC /* QuizType.swift in Sources */ = {isa = PBXBuildFile; fileRef = DD50B9DD2B9CA39F002E4DAC /* QuizType.swift */; };
		DD50B9E02B9CA3E8002E4DAC /* QuizAnswer.swift in Sources */ = {isa = PBXBuildFile; fileRef = DD50B9DF2B9CA3E8002E4DAC /* QuizAnswer.swift */; };
		DD50B9E42B9CA938002E4DAC /* DisplayedAnswer.swift in Sources */ = {isa = PBXBuildFile; fileRef = DD50B9E32B9CA938002E4DAC /* DisplayedAnswer.swift */; };
		DD50B9E62B9CA960002E4DAC /* AnswerState.swift in Sources */ = {isa = PBXBuildFile; fileRef = DD50B9E52B9CA960002E4DAC /* AnswerState.swift */; };
		DD50B9EC2B9CB92C002E4DAC /* AnswerResult.swift in Sources */ = {isa = PBXBuildFile; fileRef = DD50B9EB2B9CB92B002E4DAC /* AnswerResult.swift */; };
		DD50B9F32B9D13E5002E4DAC /* FinishViewModel.swift in Sources */ = {isa = PBXBuildFile; fileRef = DD50B9F22B9D13E5002E4DAC /* FinishViewModel.swift */; };
		DD50B9F52B9D13F6002E4DAC /* FinishViewController.swift in Sources */ = {isa = PBXBuildFile; fileRef = DD50B9F42B9D13F6002E4DAC /* FinishViewController.swift */; };
		DDB776F72B9B9E2D0017B42B /* AppDelegate.swift in Sources */ = {isa = PBXBuildFile; fileRef = DDB776F62B9B9E2D0017B42B /* AppDelegate.swift */; };
		DDB776F92B9B9E2D0017B42B /* SceneDelegate.swift in Sources */ = {isa = PBXBuildFile; fileRef = DDB776F82B9B9E2D0017B42B /* SceneDelegate.swift */; };
		DDB776FB2B9B9E2D0017B42B /* MainViewController.swift in Sources */ = {isa = PBXBuildFile; fileRef = DDB776FA2B9B9E2D0017B42B /* MainViewController.swift */; };
		DDB776FE2B9B9E2D0017B42B /* Base in Resources */ = {isa = PBXBuildFile; fileRef = DDB776FD2B9B9E2D0017B42B /* Base */; };
		DDB777002B9B9E2F0017B42B /* Assets.xcassets in Resources */ = {isa = PBXBuildFile; fileRef = DDB776FF2B9B9E2F0017B42B /* Assets.xcassets */; };
		DDB777032B9B9E2F0017B42B /* Base in Resources */ = {isa = PBXBuildFile; fileRef = DDB777022B9B9E2F0017B42B /* Base */; };
		DDE59DDF2B9F909B009E604D /* QuizViewModel_Tests.swift in Sources */ = {isa = PBXBuildFile; fileRef = DDE59DDE2B9F909B009E604D /* QuizViewModel_Tests.swift */; };
		DDE59DE22B9FBADC009E604D /* Quiz+TestData.swift in Sources */ = {isa = PBXBuildFile; fileRef = DDE59DE12B9FBADC009E604D /* Quiz+TestData.swift */; };
		DDE59DE42B9FC1E1009E604D /* QuizViewController_Tests.swift in Sources */ = {isa = PBXBuildFile; fileRef = DDE59DE32B9FC1E1009E604D /* QuizViewController_Tests.swift */; };
		DDE59DE62BA0D210009E604D /* QuizCategory.swift in Sources */ = {isa = PBXBuildFile; fileRef = DDE59DE52BA0D210009E604D /* QuizCategory.swift */; };
/* End PBXBuildFile section */

/* Begin PBXContainerItemProxy section */
		DDB7770A2B9B9E2F0017B42B /* PBXContainerItemProxy */ = {
			isa = PBXContainerItemProxy;
			containerPortal = DDB776EB2B9B9E2D0017B42B /* Project object */;
			proxyType = 1;
			remoteGlobalIDString = DDB776F22B9B9E2D0017B42B;
			remoteInfo = QuizApp;
		};
		DDB777142B9B9E2F0017B42B /* PBXContainerItemProxy */ = {
			isa = PBXContainerItemProxy;
			containerPortal = DDB776EB2B9B9E2D0017B42B /* Project object */;
			proxyType = 1;
			remoteGlobalIDString = DDB776F22B9B9E2D0017B42B;
			remoteInfo = QuizApp;
		};
/* End PBXContainerItemProxy section */

/* Begin PBXFileReference section */
		DD50B9B22B9BC326002E4DAC /* MainViewViewModel.swift */ = {isa = PBXFileReference; lastKnownFileType = sourcecode.swift; path = MainViewViewModel.swift; sourceTree = "<group>"; };
		DD50B9B42B9BC351002E4DAC /* NetworkManager.swift */ = {isa = PBXFileReference; lastKnownFileType = sourcecode.swift; path = NetworkManager.swift; sourceTree = "<group>"; };
		DD50B9B62B9BC364002E4DAC /* QuizQuestion.swift */ = {isa = PBXFileReference; lastKnownFileType = sourcecode.swift; path = QuizQuestion.swift; sourceTree = "<group>"; };
		DD50B9BD2B9C7500002E4DAC /* QuizAnswerCell.swift */ = {isa = PBXFileReference; lastKnownFileType = sourcecode.swift; path = QuizAnswerCell.swift; sourceTree = "<group>"; };
		DD50B9BE2B9C7500002E4DAC /* QuizAnswerCell.xib */ = {isa = PBXFileReference; lastKnownFileType = file.xib; path = QuizAnswerCell.xib; sourceTree = "<group>"; };
		DD50B9D82B9C7E70002E4DAC /* QuizViewController.swift */ = {isa = PBXFileReference; lastKnownFileType = sourcecode.swift; path = QuizViewController.swift; sourceTree = "<group>"; };
		DD50B9DA2B9C7E82002E4DAC /* QuizViewModel.swift */ = {isa = PBXFileReference; lastKnownFileType = sourcecode.swift; path = QuizViewModel.swift; sourceTree = "<group>"; };
		DD50B9DD2B9CA39F002E4DAC /* QuizType.swift */ = {isa = PBXFileReference; lastKnownFileType = sourcecode.swift; path = QuizType.swift; sourceTree = "<group>"; };
		DD50B9DF2B9CA3E8002E4DAC /* QuizAnswer.swift */ = {isa = PBXFileReference; lastKnownFileType = sourcecode.swift; path = QuizAnswer.swift; sourceTree = "<group>"; };
		DD50B9E32B9CA938002E4DAC /* DisplayedAnswer.swift */ = {isa = PBXFileReference; lastKnownFileType = sourcecode.swift; path = DisplayedAnswer.swift; sourceTree = "<group>"; };
		DD50B9E52B9CA960002E4DAC /* AnswerState.swift */ = {isa = PBXFileReference; lastKnownFileType = sourcecode.swift; path = AnswerState.swift; sourceTree = "<group>"; };
		DD50B9EB2B9CB92B002E4DAC /* AnswerResult.swift */ = {isa = PBXFileReference; lastKnownFileType = sourcecode.swift; path = AnswerResult.swift; sourceTree = "<group>"; };
		DD50B9F22B9D13E5002E4DAC /* FinishViewModel.swift */ = {isa = PBXFileReference; lastKnownFileType = sourcecode.swift; path = FinishViewModel.swift; sourceTree = "<group>"; };
		DD50B9F42B9D13F6002E4DAC /* FinishViewController.swift */ = {isa = PBXFileReference; lastKnownFileType = sourcecode.swift; path = FinishViewController.swift; sourceTree = "<group>"; };
		DDB776F32B9B9E2D0017B42B /* QuizApp.app */ = {isa = PBXFileReference; explicitFileType = wrapper.application; includeInIndex = 0; path = QuizApp.app; sourceTree = BUILT_PRODUCTS_DIR; };
		DDB776F62B9B9E2D0017B42B /* AppDelegate.swift */ = {isa = PBXFileReference; lastKnownFileType = sourcecode.swift; path = AppDelegate.swift; sourceTree = "<group>"; };
		DDB776F82B9B9E2D0017B42B /* SceneDelegate.swift */ = {isa = PBXFileReference; lastKnownFileType = sourcecode.swift; path = SceneDelegate.swift; sourceTree = "<group>"; };
		DDB776FA2B9B9E2D0017B42B /* MainViewController.swift */ = {isa = PBXFileReference; lastKnownFileType = sourcecode.swift; path = MainViewController.swift; sourceTree = "<group>"; };
		DDB776FD2B9B9E2D0017B42B /* Base */ = {isa = PBXFileReference; lastKnownFileType = file.storyboard; name = Base; path = Base.lproj/Main.storyboard; sourceTree = "<group>"; };
		DDB776FF2B9B9E2F0017B42B /* Assets.xcassets */ = {isa = PBXFileReference; lastKnownFileType = folder.assetcatalog; path = Assets.xcassets; sourceTree = "<group>"; };
		DDB777022B9B9E2F0017B42B /* Base */ = {isa = PBXFileReference; lastKnownFileType = file.storyboard; name = Base; path = Base.lproj/LaunchScreen.storyboard; sourceTree = "<group>"; };
		DDB777042B9B9E2F0017B42B /* Info.plist */ = {isa = PBXFileReference; lastKnownFileType = text.plist.xml; path = Info.plist; sourceTree = "<group>"; };
		DDB777092B9B9E2F0017B42B /* QuizAppTests.xctest */ = {isa = PBXFileReference; explicitFileType = wrapper.cfbundle; includeInIndex = 0; path = QuizAppTests.xctest; sourceTree = BUILT_PRODUCTS_DIR; };
		DDB777132B9B9E2F0017B42B /* QuizAppUITests.xctest */ = {isa = PBXFileReference; explicitFileType = wrapper.cfbundle; includeInIndex = 0; path = QuizAppUITests.xctest; sourceTree = BUILT_PRODUCTS_DIR; };
		DDE59DDE2B9F909B009E604D /* QuizViewModel_Tests.swift */ = {isa = PBXFileReference; lastKnownFileType = sourcecode.swift; path = QuizViewModel_Tests.swift; sourceTree = "<group>"; };
		DDE59DE12B9FBADC009E604D /* Quiz+TestData.swift */ = {isa = PBXFileReference; lastKnownFileType = sourcecode.swift; path = "Quiz+TestData.swift"; sourceTree = "<group>"; };
		DDE59DE32B9FC1E1009E604D /* QuizViewController_Tests.swift */ = {isa = PBXFileReference; lastKnownFileType = sourcecode.swift; path = QuizViewController_Tests.swift; sourceTree = "<group>"; };
		DDE59DE52BA0D210009E604D /* QuizCategory.swift */ = {isa = PBXFileReference; lastKnownFileType = sourcecode.swift; path = QuizCategory.swift; sourceTree = "<group>"; };
/* End PBXFileReference section */

/* Begin PBXFrameworksBuildPhase section */
		DDB776F02B9B9E2D0017B42B /* Frameworks */ = {
			isa = PBXFrameworksBuildPhase;
			buildActionMask = 2147483647;
			files = (
				DD50B9BA2B9BC45B002E4DAC /* Alamofire in Frameworks */,
			);
			runOnlyForDeploymentPostprocessing = 0;
		};
		DDB777062B9B9E2F0017B42B /* Frameworks */ = {
			isa = PBXFrameworksBuildPhase;
			buildActionMask = 2147483647;
			files = (
			);
			runOnlyForDeploymentPostprocessing = 0;
		};
		DDB777102B9B9E2F0017B42B /* Frameworks */ = {
			isa = PBXFrameworksBuildPhase;
			buildActionMask = 2147483647;
			files = (
			);
			runOnlyForDeploymentPostprocessing = 0;
		};
/* End PBXFrameworksBuildPhase section */

/* Begin PBXGroup section */
		DD50B9CD2B9C7B9F002E4DAC /* Services */ = {
			isa = PBXGroup;
			children = (
				DD50B9B42B9BC351002E4DAC /* NetworkManager.swift */,
			);
			path = Services;
			sourceTree = "<group>";
		};
		DD50B9CE2B9C7BC1002E4DAC /* Application */ = {
			isa = PBXGroup;
			children = (
				DD50B9CF2B9C7BD4002E4DAC /* Main */,
				DD50B9D72B9C7E31002E4DAC /* Quiz */,
				DD50B9F12B9D13DC002E4DAC /* Finish */,
			);
			path = Application;
			sourceTree = "<group>";
		};
		DD50B9CF2B9C7BD4002E4DAC /* Main */ = {
			isa = PBXGroup;
			children = (
				DDB776FA2B9B9E2D0017B42B /* MainViewController.swift */,
				DD50B9B22B9BC326002E4DAC /* MainViewViewModel.swift */,
			);
			path = Main;
			sourceTree = "<group>";
		};
		DD50B9D12B9C7D95002E4DAC /* Models */ = {
			isa = PBXGroup;
			children = (
				DD50B9E72B9CA96D002E4DAC /* API */,
				DD50B9E82B9CA973002E4DAC /* App */,
			);
			path = Models;
			sourceTree = "<group>";
		};
		DD50B9D22B9C7DCF002E4DAC /* QuizAnswerCell */ = {
			isa = PBXGroup;
			children = (
				DD50B9BD2B9C7500002E4DAC /* QuizAnswerCell.swift */,
				DD50B9BE2B9C7500002E4DAC /* QuizAnswerCell.xib */,
			);
			path = QuizAnswerCell;
			sourceTree = "<group>";
		};
		DD50B9D72B9C7E31002E4DAC /* Quiz */ = {
			isa = PBXGroup;
			children = (
				DD50B9D82B9C7E70002E4DAC /* QuizViewController.swift */,
				DD50B9DA2B9C7E82002E4DAC /* QuizViewModel.swift */,
				DD50B9D22B9C7DCF002E4DAC /* QuizAnswerCell */,
			);
			path = Quiz;
			sourceTree = "<group>";
		};
		DD50B9DC2B9C7EBD002E4DAC /* Assets */ = {
			isa = PBXGroup;
			children = (
				DDB776FF2B9B9E2F0017B42B /* Assets.xcassets */,
			);
			path = Assets;
			sourceTree = "<group>";
		};
		DD50B9E72B9CA96D002E4DAC /* API */ = {
			isa = PBXGroup;
			children = (
				DD50B9B62B9BC364002E4DAC /* QuizQuestion.swift */,
				DD50B9DF2B9CA3E8002E4DAC /* QuizAnswer.swift */,
			);
			path = API;
			sourceTree = "<group>";
		};
		DD50B9E82B9CA973002E4DAC /* App */ = {
			isa = PBXGroup;
			children = (
				DD50B9E32B9CA938002E4DAC /* DisplayedAnswer.swift */,
			);
			path = App;
			sourceTree = "<group>";
		};
		DD50B9F12B9D13DC002E4DAC /* Finish */ = {
			isa = PBXGroup;
			children = (
				DD50B9F42B9D13F6002E4DAC /* FinishViewController.swift */,
				DD50B9F22B9D13E5002E4DAC /* FinishViewModel.swift */,
			);
			path = Finish;
			sourceTree = "<group>";
		};
		DD50B9F62B9E51BC002E4DAC /* Enums */ = {
			isa = PBXGroup;
			children = (
				DD50B9DD2B9CA39F002E4DAC /* QuizType.swift */,
				DDE59DE52BA0D210009E604D /* QuizCategory.swift */,
				DD50B9E52B9CA960002E4DAC /* AnswerState.swift */,
				DD50B9EB2B9CB92B002E4DAC /* AnswerResult.swift */,
			);
			path = Enums;
			sourceTree = "<group>";
		};
		DDB776EA2B9B9E2D0017B42B = {
			isa = PBXGroup;
			children = (
				DDB776F52B9B9E2D0017B42B /* QuizApp */,
				DDB7770C2B9B9E2F0017B42B /* QuizAppTests */,
				DDB777162B9B9E2F0017B42B /* QuizAppUITests */,
				DDB776F42B9B9E2D0017B42B /* Products */,
			);
			sourceTree = "<group>";
		};
		DDB776F42B9B9E2D0017B42B /* Products */ = {
			isa = PBXGroup;
			children = (
				DDB776F32B9B9E2D0017B42B /* QuizApp.app */,
				DDB777092B9B9E2F0017B42B /* QuizAppTests.xctest */,
				DDB777132B9B9E2F0017B42B /* QuizAppUITests.xctest */,
			);
			name = Products;
			sourceTree = "<group>";
		};
		DDB776F52B9B9E2D0017B42B /* QuizApp */ = {
			isa = PBXGroup;
			children = (
				DDB776F82B9B9E2D0017B42B /* SceneDelegate.swift */,
				DDB776F62B9B9E2D0017B42B /* AppDelegate.swift */,
				DD50B9D12B9C7D95002E4DAC /* Models */,
				DD50B9CE2B9C7BC1002E4DAC /* Application */,
				DD50B9CD2B9C7B9F002E4DAC /* Services */,
				DDB776FC2B9B9E2D0017B42B /* Main.storyboard */,
				DDB777012B9B9E2F0017B42B /* LaunchScreen.storyboard */,
				DD50B9DC2B9C7EBD002E4DAC /* Assets */,
				DDB777042B9B9E2F0017B42B /* Info.plist */,
				DD50B9F62B9E51BC002E4DAC /* Enums */,
			);
			path = QuizApp;
			sourceTree = "<group>";
		};
		DDB7770C2B9B9E2F0017B42B /* QuizAppTests */ = {
			isa = PBXGroup;
			children = (
				DDE59DE12B9FBADC009E604D /* Quiz+TestData.swift */,
				DDE59DDE2B9F909B009E604D /* QuizViewModel_Tests.swift */,
			);
			path = QuizAppTests;
			sourceTree = "<group>";
		};
		DDB777162B9B9E2F0017B42B /* QuizAppUITests */ = {
			isa = PBXGroup;
			children = (
				DDE59DE32B9FC1E1009E604D /* QuizViewController_Tests.swift */,
			);
			path = QuizAppUITests;
			sourceTree = "<group>";
		};
/* End PBXGroup section */

/* Begin PBXNativeTarget section */
		DDB776F22B9B9E2D0017B42B /* QuizApp */ = {
			isa = PBXNativeTarget;
			buildConfigurationList = DDB7771D2B9B9E2F0017B42B /* Build configuration list for PBXNativeTarget "QuizApp" */;
			buildPhases = (
				DDB776EF2B9B9E2D0017B42B /* Sources */,
				DDB776F02B9B9E2D0017B42B /* Frameworks */,
				DDB776F12B9B9E2D0017B42B /* Resources */,
			);
			buildRules = (
			);
			dependencies = (
			);
			name = QuizApp;
			packageProductDependencies = (
				DD50B9B92B9BC45B002E4DAC /* Alamofire */,
			);
			productName = QuizApp;
			productReference = DDB776F32B9B9E2D0017B42B /* QuizApp.app */;
			productType = "com.apple.product-type.application";
		};
		DDB777082B9B9E2F0017B42B /* QuizAppTests */ = {
			isa = PBXNativeTarget;
			buildConfigurationList = DDB777202B9B9E2F0017B42B /* Build configuration list for PBXNativeTarget "QuizAppTests" */;
			buildPhases = (
				DDB777052B9B9E2F0017B42B /* Sources */,
				DDB777062B9B9E2F0017B42B /* Frameworks */,
				DDB777072B9B9E2F0017B42B /* Resources */,
			);
			buildRules = (
			);
			dependencies = (
				DDB7770B2B9B9E2F0017B42B /* PBXTargetDependency */,
			);
			name = QuizAppTests;
			productName = QuizAppTests;
			productReference = DDB777092B9B9E2F0017B42B /* QuizAppTests.xctest */;
			productType = "com.apple.product-type.bundle.unit-test";
		};
		DDB777122B9B9E2F0017B42B /* QuizAppUITests */ = {
			isa = PBXNativeTarget;
			buildConfigurationList = DDB777232B9B9E2F0017B42B /* Build configuration list for PBXNativeTarget "QuizAppUITests" */;
			buildPhases = (
				DDB7770F2B9B9E2F0017B42B /* Sources */,
				DDB777102B9B9E2F0017B42B /* Frameworks */,
				DDB777112B9B9E2F0017B42B /* Resources */,
			);
			buildRules = (
			);
			dependencies = (
				DDB777152B9B9E2F0017B42B /* PBXTargetDependency */,
			);
			name = QuizAppUITests;
			productName = QuizAppUITests;
			productReference = DDB777132B9B9E2F0017B42B /* QuizAppUITests.xctest */;
			productType = "com.apple.product-type.bundle.ui-testing";
		};
/* End PBXNativeTarget section */

/* Begin PBXProject section */
		DDB776EB2B9B9E2D0017B42B /* Project object */ = {
			isa = PBXProject;
			attributes = {
				BuildIndependentTargetsInParallel = 1;
				LastSwiftUpdateCheck = 1530;
				LastUpgradeCheck = 1530;
				TargetAttributes = {
					DDB776F22B9B9E2D0017B42B = {
						CreatedOnToolsVersion = 15.3;
					};
					DDB777082B9B9E2F0017B42B = {
						CreatedOnToolsVersion = 15.3;
						TestTargetID = DDB776F22B9B9E2D0017B42B;
					};
					DDB777122B9B9E2F0017B42B = {
						CreatedOnToolsVersion = 15.3;
						TestTargetID = DDB776F22B9B9E2D0017B42B;
					};
				};
			};
			buildConfigurationList = DDB776EE2B9B9E2D0017B42B /* Build configuration list for PBXProject "QuizApp" */;
			compatibilityVersion = "Xcode 14.0";
			developmentRegion = en;
			hasScannedForEncodings = 0;
			knownRegions = (
				en,
				Base,
			);
			mainGroup = DDB776EA2B9B9E2D0017B42B;
			packageReferences = (
				DD50B9B82B9BC45B002E4DAC /* XCRemoteSwiftPackageReference "Alamofire" */,
			);
			productRefGroup = DDB776F42B9B9E2D0017B42B /* Products */;
			projectDirPath = "";
			projectRoot = "";
			targets = (
				DDB776F22B9B9E2D0017B42B /* QuizApp */,
				DDB777082B9B9E2F0017B42B /* QuizAppTests */,
				DDB777122B9B9E2F0017B42B /* QuizAppUITests */,
			);
		};
/* End PBXProject section */

/* Begin PBXResourcesBuildPhase section */
		DDB776F12B9B9E2D0017B42B /* Resources */ = {
			isa = PBXResourcesBuildPhase;
			buildActionMask = 2147483647;
			files = (
				DD50B9BF2B9C7500002E4DAC /* QuizAnswerCell.xib in Resources */,
				DDB777002B9B9E2F0017B42B /* Assets.xcassets in Resources */,
				DDB777032B9B9E2F0017B42B /* Base in Resources */,
				DDB776FE2B9B9E2D0017B42B /* Base in Resources */,
			);
			runOnlyForDeploymentPostprocessing = 0;
		};
		DDB777072B9B9E2F0017B42B /* Resources */ = {
			isa = PBXResourcesBuildPhase;
			buildActionMask = 2147483647;
			files = (
			);
			runOnlyForDeploymentPostprocessing = 0;
		};
		DDB777112B9B9E2F0017B42B /* Resources */ = {
			isa = PBXResourcesBuildPhase;
			buildActionMask = 2147483647;
			files = (
			);
			runOnlyForDeploymentPostprocessing = 0;
		};
/* End PBXResourcesBuildPhase section */

/* Begin PBXSourcesBuildPhase section */
		DDB776EF2B9B9E2D0017B42B /* Sources */ = {
			isa = PBXSourcesBuildPhase;
			buildActionMask = 2147483647;
			files = (
				DDB776FB2B9B9E2D0017B42B /* MainViewController.swift in Sources */,
				DDB776F72B9B9E2D0017B42B /* AppDelegate.swift in Sources */,
				DD50B9F32B9D13E5002E4DAC /* FinishViewModel.swift in Sources */,
				DD50B9DB2B9C7E82002E4DAC /* QuizViewModel.swift in Sources */,
				DD50B9E02B9CA3E8002E4DAC /* QuizAnswer.swift in Sources */,
				DD50B9C02B9C7500002E4DAC /* QuizAnswerCell.swift in Sources */,
				DD50B9EC2B9CB92C002E4DAC /* AnswerResult.swift in Sources */,
				DD50B9B72B9BC364002E4DAC /* QuizQuestion.swift in Sources */,
				DD50B9D92B9C7E70002E4DAC /* QuizViewController.swift in Sources */,
				DD50B9DE2B9CA39F002E4DAC /* QuizType.swift in Sources */,
				DD50B9F52B9D13F6002E4DAC /* FinishViewController.swift in Sources */,
				DD50B9E42B9CA938002E4DAC /* DisplayedAnswer.swift in Sources */,
				DD50B9B52B9BC351002E4DAC /* NetworkManager.swift in Sources */,
				DD50B9E62B9CA960002E4DAC /* AnswerState.swift in Sources */,
				DDE59DE62BA0D210009E604D /* QuizCategory.swift in Sources */,
				DD50B9B32B9BC326002E4DAC /* MainViewViewModel.swift in Sources */,
				DDB776F92B9B9E2D0017B42B /* SceneDelegate.swift in Sources */,
			);
			runOnlyForDeploymentPostprocessing = 0;
		};
		DDB777052B9B9E2F0017B42B /* Sources */ = {
			isa = PBXSourcesBuildPhase;
			buildActionMask = 2147483647;
			files = (
				DDE59DE22B9FBADC009E604D /* Quiz+TestData.swift in Sources */,
				DDE59DDF2B9F909B009E604D /* QuizViewModel_Tests.swift in Sources */,
			);
			runOnlyForDeploymentPostprocessing = 0;
		};
		DDB7770F2B9B9E2F0017B42B /* Sources */ = {
			isa = PBXSourcesBuildPhase;
			buildActionMask = 2147483647;
			files = (
				DDE59DE42B9FC1E1009E604D /* QuizViewController_Tests.swift in Sources */,
			);
			runOnlyForDeploymentPostprocessing = 0;
		};
/* End PBXSourcesBuildPhase section */

/* Begin PBXTargetDependency section */
		DDB7770B2B9B9E2F0017B42B /* PBXTargetDependency */ = {
			isa = PBXTargetDependency;
			target = DDB776F22B9B9E2D0017B42B /* QuizApp */;
			targetProxy = DDB7770A2B9B9E2F0017B42B /* PBXContainerItemProxy */;
		};
		DDB777152B9B9E2F0017B42B /* PBXTargetDependency */ = {
			isa = PBXTargetDependency;
			target = DDB776F22B9B9E2D0017B42B /* QuizApp */;
			targetProxy = DDB777142B9B9E2F0017B42B /* PBXContainerItemProxy */;
		};
/* End PBXTargetDependency section */

/* Begin PBXVariantGroup section */
		DDB776FC2B9B9E2D0017B42B /* Main.storyboard */ = {
			isa = PBXVariantGroup;
			children = (
				DDB776FD2B9B9E2D0017B42B /* Base */,
			);
			name = Main.storyboard;
			sourceTree = "<group>";
		};
		DDB777012B9B9E2F0017B42B /* LaunchScreen.storyboard */ = {
			isa = PBXVariantGroup;
			children = (
				DDB777022B9B9E2F0017B42B /* Base */,
			);
			name = LaunchScreen.storyboard;
			sourceTree = "<group>";
		};
/* End PBXVariantGroup section */

/* Begin XCBuildConfiguration section */
		DDB7771B2B9B9E2F0017B42B /* Debug */ = {
			isa = XCBuildConfiguration;
			buildSettings = {
				ALWAYS_SEARCH_USER_PATHS = NO;
				ASSETCATALOG_COMPILER_GENERATE_SWIFT_ASSET_SYMBOL_EXTENSIONS = YES;
				CLANG_ANALYZER_NONNULL = YES;
				CLANG_ANALYZER_NUMBER_OBJECT_CONVERSION = YES_AGGRESSIVE;
				CLANG_CXX_LANGUAGE_STANDARD = "gnu++20";
				CLANG_ENABLE_MODULES = YES;
				CLANG_ENABLE_OBJC_ARC = YES;
				CLANG_ENABLE_OBJC_WEAK = YES;
				CLANG_WARN_BLOCK_CAPTURE_AUTORELEASING = YES;
				CLANG_WARN_BOOL_CONVERSION = YES;
				CLANG_WARN_COMMA = YES;
				CLANG_WARN_CONSTANT_CONVERSION = YES;
				CLANG_WARN_DEPRECATED_OBJC_IMPLEMENTATIONS = YES;
				CLANG_WARN_DIRECT_OBJC_ISA_USAGE = YES_ERROR;
				CLANG_WARN_DOCUMENTATION_COMMENTS = YES;
				CLANG_WARN_EMPTY_BODY = YES;
				CLANG_WARN_ENUM_CONVERSION = YES;
				CLANG_WARN_INFINITE_RECURSION = YES;
				CLANG_WARN_INT_CONVERSION = YES;
				CLANG_WARN_NON_LITERAL_NULL_CONVERSION = YES;
				CLANG_WARN_OBJC_IMPLICIT_RETAIN_SELF = YES;
				CLANG_WARN_OBJC_LITERAL_CONVERSION = YES;
				CLANG_WARN_OBJC_ROOT_CLASS = YES_ERROR;
				CLANG_WARN_QUOTED_INCLUDE_IN_FRAMEWORK_HEADER = YES;
				CLANG_WARN_RANGE_LOOP_ANALYSIS = YES;
				CLANG_WARN_STRICT_PROTOTYPES = YES;
				CLANG_WARN_SUSPICIOUS_MOVE = YES;
				CLANG_WARN_UNGUARDED_AVAILABILITY = YES_AGGRESSIVE;
				CLANG_WARN_UNREACHABLE_CODE = YES;
				CLANG_WARN__DUPLICATE_METHOD_MATCH = YES;
				COPY_PHASE_STRIP = NO;
				DEBUG_INFORMATION_FORMAT = dwarf;
				ENABLE_STRICT_OBJC_MSGSEND = YES;
				ENABLE_TESTABILITY = YES;
				ENABLE_USER_SCRIPT_SANDBOXING = YES;
				GCC_C_LANGUAGE_STANDARD = gnu17;
				GCC_DYNAMIC_NO_PIC = NO;
				GCC_NO_COMMON_BLOCKS = YES;
				GCC_OPTIMIZATION_LEVEL = 0;
				GCC_PREPROCESSOR_DEFINITIONS = (
					"DEBUG=1",
					"$(inherited)",
				);
				GCC_WARN_64_TO_32_BIT_CONVERSION = YES;
				GCC_WARN_ABOUT_RETURN_TYPE = YES_ERROR;
				GCC_WARN_UNDECLARED_SELECTOR = YES;
				GCC_WARN_UNINITIALIZED_AUTOS = YES_AGGRESSIVE;
				GCC_WARN_UNUSED_FUNCTION = YES;
				GCC_WARN_UNUSED_VARIABLE = YES;
				IPHONEOS_DEPLOYMENT_TARGET = 17.4;
				LOCALIZATION_PREFERS_STRING_CATALOGS = YES;
				MTL_ENABLE_DEBUG_INFO = INCLUDE_SOURCE;
				MTL_FAST_MATH = YES;
				ONLY_ACTIVE_ARCH = YES;
				SDKROOT = iphoneos;
				SWIFT_ACTIVE_COMPILATION_CONDITIONS = "DEBUG $(inherited)";
				SWIFT_OPTIMIZATION_LEVEL = "-Onone";
			};
			name = Debug;
		};
		DDB7771C2B9B9E2F0017B42B /* Release */ = {
			isa = XCBuildConfiguration;
			buildSettings = {
				ALWAYS_SEARCH_USER_PATHS = NO;
				ASSETCATALOG_COMPILER_GENERATE_SWIFT_ASSET_SYMBOL_EXTENSIONS = YES;
				CLANG_ANALYZER_NONNULL = YES;
				CLANG_ANALYZER_NUMBER_OBJECT_CONVERSION = YES_AGGRESSIVE;
				CLANG_CXX_LANGUAGE_STANDARD = "gnu++20";
				CLANG_ENABLE_MODULES = YES;
				CLANG_ENABLE_OBJC_ARC = YES;
				CLANG_ENABLE_OBJC_WEAK = YES;
				CLANG_WARN_BLOCK_CAPTURE_AUTORELEASING = YES;
				CLANG_WARN_BOOL_CONVERSION = YES;
				CLANG_WARN_COMMA = YES;
				CLANG_WARN_CONSTANT_CONVERSION = YES;
				CLANG_WARN_DEPRECATED_OBJC_IMPLEMENTATIONS = YES;
				CLANG_WARN_DIRECT_OBJC_ISA_USAGE = YES_ERROR;
				CLANG_WARN_DOCUMENTATION_COMMENTS = YES;
				CLANG_WARN_EMPTY_BODY = YES;
				CLANG_WARN_ENUM_CONVERSION = YES;
				CLANG_WARN_INFINITE_RECURSION = YES;
				CLANG_WARN_INT_CONVERSION = YES;
				CLANG_WARN_NON_LITERAL_NULL_CONVERSION = YES;
				CLANG_WARN_OBJC_IMPLICIT_RETAIN_SELF = YES;
				CLANG_WARN_OBJC_LITERAL_CONVERSION = YES;
				CLANG_WARN_OBJC_ROOT_CLASS = YES_ERROR;
				CLANG_WARN_QUOTED_INCLUDE_IN_FRAMEWORK_HEADER = YES;
				CLANG_WARN_RANGE_LOOP_ANALYSIS = YES;
				CLANG_WARN_STRICT_PROTOTYPES = YES;
				CLANG_WARN_SUSPICIOUS_MOVE = YES;
				CLANG_WARN_UNGUARDED_AVAILABILITY = YES_AGGRESSIVE;
				CLANG_WARN_UNREACHABLE_CODE = YES;
				CLANG_WARN__DUPLICATE_METHOD_MATCH = YES;
				COPY_PHASE_STRIP = NO;
				DEBUG_INFORMATION_FORMAT = "dwarf-with-dsym";
				ENABLE_NS_ASSERTIONS = NO;
				ENABLE_STRICT_OBJC_MSGSEND = YES;
				ENABLE_USER_SCRIPT_SANDBOXING = YES;
				GCC_C_LANGUAGE_STANDARD = gnu17;
				GCC_NO_COMMON_BLOCKS = YES;
				GCC_WARN_64_TO_32_BIT_CONVERSION = YES;
				GCC_WARN_ABOUT_RETURN_TYPE = YES_ERROR;
				GCC_WARN_UNDECLARED_SELECTOR = YES;
				GCC_WARN_UNINITIALIZED_AUTOS = YES_AGGRESSIVE;
				GCC_WARN_UNUSED_FUNCTION = YES;
				GCC_WARN_UNUSED_VARIABLE = YES;
				IPHONEOS_DEPLOYMENT_TARGET = 17.4;
				LOCALIZATION_PREFERS_STRING_CATALOGS = YES;
				MTL_ENABLE_DEBUG_INFO = NO;
				MTL_FAST_MATH = YES;
				SDKROOT = iphoneos;
				SWIFT_COMPILATION_MODE = wholemodule;
				VALIDATE_PRODUCT = YES;
			};
			name = Release;
		};
		DDB7771E2B9B9E2F0017B42B /* Debug */ = {
			isa = XCBuildConfiguration;
			buildSettings = {
				ASSETCATALOG_COMPILER_APPICON_NAME = AppIcon;
				ASSETCATALOG_COMPILER_GLOBAL_ACCENT_COLOR_NAME = AccentColor;
				CODE_SIGN_STYLE = Automatic;
				CURRENT_PROJECT_VERSION = 1;
				DEVELOPMENT_TEAM = X55V6FTF2T;
				GENERATE_INFOPLIST_FILE = YES;
				INFOPLIST_FILE = QuizApp/Info.plist;
				INFOPLIST_KEY_UIApplicationSupportsIndirectInputEvents = YES;
				INFOPLIST_KEY_UILaunchStoryboardName = LaunchScreen;
				INFOPLIST_KEY_UIMainStoryboardFile = Main;
				INFOPLIST_KEY_UISupportedInterfaceOrientations = UIInterfaceOrientationPortrait;
				IPHONEOS_DEPLOYMENT_TARGET = 16.0;
				LD_RUNPATH_SEARCH_PATHS = (
					"$(inherited)",
					"@executable_path/Frameworks",
				);
				MARKETING_VERSION = 1.0;
				PRODUCT_BUNDLE_IDENTIFIER = com.eviseek.QuizApp;
				PRODUCT_NAME = "$(TARGET_NAME)";
				SWIFT_EMIT_LOC_STRINGS = YES;
				SWIFT_VERSION = 5.0;
				TARGETED_DEVICE_FAMILY = "1,2";
			};
			name = Debug;
		};
		DDB7771F2B9B9E2F0017B42B /* Release */ = {
			isa = XCBuildConfiguration;
			buildSettings = {
				ASSETCATALOG_COMPILER_APPICON_NAME = AppIcon;
				ASSETCATALOG_COMPILER_GLOBAL_ACCENT_COLOR_NAME = AccentColor;
				CODE_SIGN_STYLE = Automatic;
				CURRENT_PROJECT_VERSION = 1;
				DEVELOPMENT_TEAM = X55V6FTF2T;
				GENERATE_INFOPLIST_FILE = YES;
				INFOPLIST_FILE = QuizApp/Info.plist;
				INFOPLIST_KEY_UIApplicationSupportsIndirectInputEvents = YES;
				INFOPLIST_KEY_UILaunchStoryboardName = LaunchScreen;
				INFOPLIST_KEY_UIMainStoryboardFile = Main;
				INFOPLIST_KEY_UISupportedInterfaceOrientations = UIInterfaceOrientationPortrait;
				IPHONEOS_DEPLOYMENT_TARGET = 16.0;
				LD_RUNPATH_SEARCH_PATHS = (
					"$(inherited)",
					"@executable_path/Frameworks",
				);
				MARKETING_VERSION = 1.0;
				PRODUCT_BUNDLE_IDENTIFIER = com.eviseek.QuizApp;
				PRODUCT_NAME = "$(TARGET_NAME)";
				SWIFT_EMIT_LOC_STRINGS = YES;
				SWIFT_VERSION = 5.0;
				TARGETED_DEVICE_FAMILY = "1,2";
			};
			name = Release;
		};
		DDB777212B9B9E2F0017B42B /* Debug */ = {
			isa = XCBuildConfiguration;
			buildSettings = {
				ALWAYS_EMBED_SWIFT_STANDARD_LIBRARIES = YES;
				BUNDLE_LOADER = "$(TEST_HOST)";
				CODE_SIGN_STYLE = Automatic;
				CURRENT_PROJECT_VERSION = 1;
				DEVELOPMENT_TEAM = X55V6FTF2T;
				GENERATE_INFOPLIST_FILE = YES;
				IPHONEOS_DEPLOYMENT_TARGET = 16.0;
				MARKETING_VERSION = 1.0;
				PRODUCT_BUNDLE_IDENTIFIER = com.eviseek.QuizAppTests;
				PRODUCT_NAME = "$(TARGET_NAME)";
				SWIFT_EMIT_LOC_STRINGS = NO;
				SWIFT_VERSION = 5.0;
				TARGETED_DEVICE_FAMILY = "1,2";
				TEST_HOST = "$(BUILT_PRODUCTS_DIR)/QuizApp.app/$(BUNDLE_EXECUTABLE_FOLDER_PATH)/QuizApp";
			};
			name = Debug;
		};
		DDB777222B9B9E2F0017B42B /* Release */ = {
			isa = XCBuildConfiguration;
			buildSettings = {
				ALWAYS_EMBED_SWIFT_STANDARD_LIBRARIES = YES;
				BUNDLE_LOADER = "$(TEST_HOST)";
				CODE_SIGN_STYLE = Automatic;
				CURRENT_PROJECT_VERSION = 1;
				DEVELOPMENT_TEAM = X55V6FTF2T;
				GENERATE_INFOPLIST_FILE = YES;
				IPHONEOS_DEPLOYMENT_TARGET = 16.0;
				MARKETING_VERSION = 1.0;
				PRODUCT_BUNDLE_IDENTIFIER = com.eviseek.QuizAppTests;
				PRODUCT_NAME = "$(TARGET_NAME)";
				SWIFT_EMIT_LOC_STRINGS = NO;
				SWIFT_VERSION = 5.0;
				TARGETED_DEVICE_FAMILY = "1,2";
				TEST_HOST = "$(BUILT_PRODUCTS_DIR)/QuizApp.app/$(BUNDLE_EXECUTABLE_FOLDER_PATH)/QuizApp";
			};
			name = Release;
		};
		DDB777242B9B9E2F0017B42B /* Debug */ = {
			isa = XCBuildConfiguration;
			buildSettings = {
				ALWAYS_EMBED_SWIFT_STANDARD_LIBRARIES = YES;
				CODE_SIGN_STYLE = Automatic;
				CURRENT_PROJECT_VERSION = 1;
				DEVELOPMENT_TEAM = X55V6FTF2T;
				GENERATE_INFOPLIST_FILE = YES;
				IPHONEOS_DEPLOYMENT_TARGET = 16.0;
				MARKETING_VERSION = 1.0;
				PRODUCT_BUNDLE_IDENTIFIER = com.eviseek.QuizAppUITests;
				PRODUCT_NAME = "$(TARGET_NAME)";
				SWIFT_EMIT_LOC_STRINGS = NO;
				SWIFT_VERSION = 5.0;
				TARGETED_DEVICE_FAMILY = "1,2";
				TEST_TARGET_NAME = QuizApp;
			};
			name = Debug;
		};
		DDB777252B9B9E2F0017B42B /* Release */ = {
			isa = XCBuildConfiguration;
			buildSettings = {
				ALWAYS_EMBED_SWIFT_STANDARD_LIBRARIES = YES;
				CODE_SIGN_STYLE = Automatic;
				CURRENT_PROJECT_VERSION = 1;
				DEVELOPMENT_TEAM = X55V6FTF2T;
				GENERATE_INFOPLIST_FILE = YES;
				IPHONEOS_DEPLOYMENT_TARGET = 16.0;
				MARKETING_VERSION = 1.0;
				PRODUCT_BUNDLE_IDENTIFIER = com.eviseek.QuizAppUITests;
				PRODUCT_NAME = "$(TARGET_NAME)";
				SWIFT_EMIT_LOC_STRINGS = NO;
				SWIFT_VERSION = 5.0;
				TARGETED_DEVICE_FAMILY = "1,2";
				TEST_TARGET_NAME = QuizApp;
			};
			name = Release;
		};
/* End XCBuildConfiguration section */

/* Begin XCConfigurationList section */
		DDB776EE2B9B9E2D0017B42B /* Build configuration list for PBXProject "QuizApp" */ = {
			isa = XCConfigurationList;
			buildConfigurations = (
				DDB7771B2B9B9E2F0017B42B /* Debug */,
				DDB7771C2B9B9E2F0017B42B /* Release */,
			);
			defaultConfigurationIsVisible = 0;
			defaultConfigurationName = Release;
		};
		DDB7771D2B9B9E2F0017B42B /* Build configuration list for PBXNativeTarget "QuizApp" */ = {
			isa = XCConfigurationList;
			buildConfigurations = (
				DDB7771E2B9B9E2F0017B42B /* Debug */,
				DDB7771F2B9B9E2F0017B42B /* Release */,
			);
			defaultConfigurationIsVisible = 0;
			defaultConfigurationName = Release;
		};
		DDB777202B9B9E2F0017B42B /* Build configuration list for PBXNativeTarget "QuizAppTests" */ = {
			isa = XCConfigurationList;
			buildConfigurations = (
				DDB777212B9B9E2F0017B42B /* Debug */,
				DDB777222B9B9E2F0017B42B /* Release */,
			);
			defaultConfigurationIsVisible = 0;
			defaultConfigurationName = Release;
		};
		DDB777232B9B9E2F0017B42B /* Build configuration list for PBXNativeTarget "QuizAppUITests" */ = {
			isa = XCConfigurationList;
			buildConfigurations = (
				DDB777242B9B9E2F0017B42B /* Debug */,
				DDB777252B9B9E2F0017B42B /* Release */,
			);
			defaultConfigurationIsVisible = 0;
			defaultConfigurationName = Release;
		};
/* End XCConfigurationList section */

/* Begin XCRemoteSwiftPackageReference section */
		DD50B9B82B9BC45B002E4DAC /* XCRemoteSwiftPackageReference "Alamofire" */ = {
			isa = XCRemoteSwiftPackageReference;
			repositoryURL = "https://github.com/Alamofire/Alamofire.git";
			requirement = {
				kind = upToNextMajorVersion;
				minimumVersion = 5.9.0;
			};
		};
/* End XCRemoteSwiftPackageReference section */

/* Begin XCSwiftPackageProductDependency section */
		DD50B9B92B9BC45B002E4DAC /* Alamofire */ = {
			isa = XCSwiftPackageProductDependency;
			package = DD50B9B82B9BC45B002E4DAC /* XCRemoteSwiftPackageReference "Alamofire" */;
			productName = Alamofire;
		};
/* End XCSwiftPackageProductDependency section */
	};
	rootObject = DDB776EB2B9B9E2D0017B42B /* Project object */;
}
